
Microsoft Visual Studio Solution File, Format Version 12.00
# Visual Studio Version 17
VisualStudioVersion = 17.14.37314.3
MinimumVisualStudioVersion = 10.0.40219.1
Project("{2150E333-8FDC-42A3-9474-1A3956D46DE8}") = "Services", "Services", "{02EA681E-C7D8-13C7-8484-4AC65E1B71E8}"
EndProject
Project("{2150E333-8FDC-42A3-9474-1A3956D46DE8}") = "Catalog", "Catalog", "{E8D52491-336C-4957-8855-75DDD46FBDEC}"
EndProject
Project("{FAE04EC0-301F-11D3-BF4B-00C04F79EFBC}") = "MultiShop.Catalog", "Services\Catalog\MultiShop.Catalog\MultiShop.Catalog.csproj", "{9FFEE449-08A2-495C-8E06-9D83429454FC}"
EndProject
Project("{2150E333-8FDC-42A3-9474-1A3956D46DE8}") = "Discount", "Discount", "{30D0F6A2-CFC6-4E16-BD1A-FB851D0A228E}"
EndProject
Project("{FAE04EC0-301F-11D3-BF4B-00C04F79EFBC}") = "MultiShop.Discount", "Services\Discount\MultiShop.Discount\MultiShop.Discount.csproj", "{1950429E-CEE9-47E5-A841-539BC233B84C}"
EndProject
Project("{2150E333-8FDC-42A3-9474-1A3956D46DE8}") = "Order", "Order", "{CC2668D6-0F44-4432-B62F-63A2CA311176}"
EndProject
Project("{2150E333-8FDC-42A3-9474-1A3956D46DE8}") = "Core", "Core", "{80DCD72D-32E4-4C79-89AE-6F1F37356941}"
EndProject
Project("{2150E333-8FDC-42A3-9474-1A3956D46DE8}") = "Infrastructure", "Infrastructure", "{04CDF129-B71C-4D9B-AFF5-7F74E6C4BB65}"
EndProject
Project("{FAE04EC0-301F-11D3-BF4B-00C04F79EFBC}") = "MultiShop.Order.Domain", "Services\Order\Core\MultiShop.Order.Domain\MultiShop.Order.Domain.csproj", "{6B55F6A1-8ED4-426E-B3FE-29CFC3BE57FB}"
EndProject
Project("{FAE04EC0-301F-11D3-BF4B-00C04F79EFBC}") = "MultiShop.Order.Application", "Services\Order\Core\MultiShop.Order.Application\MultiShop.Order.Application.csproj", "{FF867793-E821-4FD9-BE6F-DF226BB39F31}"
EndProject
Project("{FAE04EC0-301F-11D3-BF4B-00C04F79EFBC}") = "MultiShop.Order.Persistence", "Services\Order\Infrastructure\MultiShop.Order.Persistence\MultiShop.Order.Persistence.csproj", "{D20E93FA-29C1-455F-97D3-CDFFEA58EF09}"
EndProject
Project("{2150E333-8FDC-42A3-9474-1A3956D46DE8}") = "IdentityServer", "IdentityServer", "{F45057A7-D8E9-4F45-90F5-13253FB6A7D9}"
EndProject
Project("{FAE04EC0-301F-11D3-BF4B-00C04F79EFBC}") = "MultiShop.IdentityServer", "IdentityServer\MultiShop.IdentityServer\MultiShop.IdentityServer.csproj", "{EA14094F-FB55-5ABC-1402-B4229C4AD0B1}"
EndProject
Project("{2150E333-8FDC-42A3-9474-1A3956D46DE8}") = "Presentation", "Presentation", "{C139DC99-C184-4FAF-BF12-764F979051F1}"
EndProject
Project("{FAE04EC0-301F-11D3-BF4B-00C04F79EFBC}") = "MultiShop.Order.WebApi", "Services\Order\Presentation\MultiShop.Order.WebApi\MultiShop.Order.WebApi.csproj", "{43E1506E-376C-0810-F28A-FD01CD1AC033}"
EndProject
Project("{2150E333-8FDC-42A3-9474-1A3956D46DE8}") = "Cargo", "Cargo", "{DF4D9659-032A-403B-8D57-9C8029036149}"
EndProject
Project("{FAE04EC0-301F-11D3-BF4B-00C04F79EFBC}") = "MultiShop.Cargo.Domain", "Services\Cargo\MultiShop.Cargo.Domain\MultiShop.Cargo.Domain.csproj", "{4720F92D-5508-487B-AB29-5CC7DA2636A3}"
EndProject
Project("{FAE04EC0-301F-11D3-BF4B-00C04F79EFBC}") = "MultiShop.Cargo.Application", "Services\Cargo\MultiShop.Cargo.Application\MultiShop.Cargo.Application.csproj", "{68C4F1DC-38DD-4A96-B260-F4DB6C827FA3}"
EndProject
Project("{FAE04EC0-301F-11D3-BF4B-00C04F79EFBC}") = "MultiShop.Cargo.Persistence", "Services\Cargo\MultiShop.Cargo.Persistence\MultiShop.Cargo.Persistence.csproj", "{384C5208-AEB6-4E71-BB00-F482DA604B77}"
EndProject
Project("{FAE04EC0-301F-11D3-BF4B-00C04F79EFBC}") = "MultiShop.Cargo.WebApi", "Services\Cargo\MultiShop.Cargo.WebApi\MultiShop.Cargo.WebApi.csproj", "{1BABC9CF-AF09-4FE8-B136-8977F30CDFE9}"
EndProject
Project("{2150E333-8FDC-42A3-9474-1A3956D46DE8}") = "Basket", "Basket", "{28F77B7A-FD26-44F7-BD9B-240758B2116E}"
EndProject
Project("{FAE04EC0-301F-11D3-BF4B-00C04F79EFBC}") = "MultiShop.Basket", "Services\Basket\MultiShop.Basket\MultiShop.Basket.csproj", "{605F6DBE-9A48-4358-AED4-7288ED9A97FB}"
EndProject
Project("{2150E333-8FDC-42A3-9474-1A3956D46DE8}") = "Frontends", "Frontends", "{07135FBC-B4D4-4F94-BAF0-7FD0392BE8F4}"
EndProject
Project("{FAE04EC0-301F-11D3-BF4B-00C04F79EFBC}") = "MultiShop.WebUI", "Frontends\MultiShop.WebUI\MultiShop.WebUI.csproj", "{A6010358-F665-4126-A665-AE62505177D2}"
EndProject
Project("{FAE04EC0-301F-11D3-BF4B-00C04F79EFBC}") = "MultiShop.DtoLayer", "Frontends\MultiShop.DtoLayer\MultiShop.DtoLayer.csproj", "{E6E6C217-AD0B-42F0-AA03-4571F90D995B}"
EndProject
Project("{2150E333-8FDC-42A3-9474-1A3956D46DE8}") = "Comment", "Comment", "{B445D6EE-BC7A-43AC-BEDA-273A96B5D470}"
EndProject
Project("{FAE04EC0-301F-11D3-BF4B-00C04F79EFBC}") = "MultiShop.Comment", "Services\Comment\MultiShop.Comment\MultiShop.Comment.csproj", "{A60180C2-AA67-4010-97B5-E40A2144FA71}"
EndProject
Project("{2150E333-8FDC-42A3-9474-1A3956D46DE8}") = "ApiGateway", "ApiGateway", "{91829F9B-4161-42B5-95A7-20AA976CEF4C}"
EndProject
Project("{FAE04EC0-301F-11D3-BF4B-00C04F79EFBC}") = "MultiShop.OcelotGateway", "ApiGateway\MultiShop.OcelotGateway\MultiShop.OcelotGateway.csproj", "{F9D170E8-81CF-4AD7-B26F-8B5B43E122CA}"
EndProject
Project("{2150E333-8FDC-42A3-9474-1A3956D46DE8}") = "Message", "Message", "{86234D20-C783-4FFE-B31E-233CD2A35A0F}"
EndProject
Project("{FAE04EC0-301F-11D3-BF4B-00C04F79EFBC}") = "MultiShop.Message", "Services\Message\MultiShop.Message\MultiShop.Message.csproj", "{6B822BE8-9BF1-493C-A091-FE041E992F09}"
EndProject
Project("{2150E333-8FDC-42A3-9474-1A3956D46DE8}") = "RealTime", "RealTime", "{45350062-3890-446E-B97B-FB2CF9398D2A}"
EndProject
Project("{FAE04EC0-301F-11D3-BF4B-00C04F79EFBC}") = "MultiShop.RealTime.Api", "Services\RealTime\MultiShop.RealTime.Api\MultiShop.RealTime.Api.csproj", "{676C9DB3-6113-4F1B-8255-D0C3FD5047C8}"
EndProject
Global
	GlobalSection(SolutionConfigurationPlatforms) = preSolution
		Debug|Any CPU = Debug|Any CPU
		Release|Any CPU = Release|Any CPU
	EndGlobalSection
	GlobalSection(ProjectConfigurationPlatforms) = postSolution
		{9FFEE449-08A2-495C-8E06-9D83429454FC}.Debug|Any CPU.ActiveCfg = Debug|Any CPU
		{9FFEE449-08A2-495C-8E06-9D83429454FC}.Debug|Any CPU.Build.0 = Debug|Any CPU
		{9FFEE449-08A2-495C-8E06-9D83429454FC}.Release|Any CPU.ActiveCfg = Release|Any CPU
		{9FFEE449-08A2-495C-8E06-9D83429454FC}.Release|Any CPU.Build.0 = Release|Any CPU
		{1950429E-CEE9-47E5-A841-539BC233B84C}.Debug|Any CPU.ActiveCfg = Debug|Any CPU
		{1950429E-CEE9-47E5-A841-539BC233B84C}.Debug|Any CPU.Build.0 = Debug|Any CPU
		{1950429E-CEE9-47E5-A841-539BC233B84C}.Release|Any CPU.ActiveCfg = Release|Any CPU
		{1950429E-CEE9-47E5-A841-539BC233B84C}.Release|Any CPU.Build.0 = Release|Any CPU
		{6B55F6A1-8ED4-426E-B3FE-29CFC3BE57FB}.Debug|Any CPU.ActiveCfg = Debug|Any CPU
		{6B55F6A1-8ED4-426E-B3FE-29CFC3BE57FB}.Debug|Any CPU.Build.0 = Debug|Any CPU
		{6B55F6A1-8ED4-426E-B3FE-29CFC3BE57FB}.Release|Any CPU.ActiveCfg = Release|Any CPU
		{6B55F6A1-8ED4-426E-B3FE-29CFC3BE57FB}.Release|Any CPU.Build.0 = Release|Any CPU
		{FF867793-E821-4FD9-BE6F-DF226BB39F31}.Debug|Any CPU.ActiveCfg = Debug|Any CPU
		{FF867793-E821-4FD9-BE6F-DF226BB39F31}.Debug|Any CPU.Build.0 = Debug|Any CPU
		{FF867793-E821-4FD9-BE6F-DF226BB39F31}.Release|Any CPU.ActiveCfg = Release|Any CPU
		{FF867793-E821-4FD9-BE6F-DF226BB39F31}.Release|Any CPU.Build.0 = Release|Any CPU
		{D20E93FA-29C1-455F-97D3-CDFFEA58EF09}.Debug|Any CPU.ActiveCfg = Debug|Any CPU
		{D20E93FA-29C1-455F-97D3-CDFFEA58EF09}.Debug|Any CPU.Build.0 = Debug|Any CPU
		{D20E93FA-29C1-455F-97D3-CDFFEA58EF09}.Release|Any CPU.ActiveCfg = Release|Any CPU
		{D20E93FA-29C1-455F-97D3-CDFFEA58EF09}.Release|Any CPU.Build.0 = Release|Any CPU
		{EA14094F-FB55-5ABC-1402-B4229C4AD0B1}.Debug|Any CPU.ActiveCfg = Debug|Any CPU
		{EA14094F-FB55-5ABC-1402-B4229C4AD0B1}.Debug|Any CPU.Build.0 = Debug|Any CPU
		{EA14094F-FB55-5ABC-1402-B4229C4AD0B1}.Release|Any CPU.ActiveCfg = Release|Any CPU
		{EA14094F-FB55-5ABC-1402-B4229C4AD0B1}.Release|Any CPU.Build.0 = Release|Any CPU
		{43E1506E-376C-0810-F28A-FD01CD1AC033}.Debug|Any CPU.ActiveCfg = Debug|Any CPU
		{43E1506E-376C-0810-F28A-FD01CD1AC033}.Debug|Any CPU.Build.0 = Debug|Any CPU
		{43E1506E-376C-0810-F28A-FD01CD1AC033}.Release|Any CPU.ActiveCfg = Release|Any CPU
		{43E1506E-376C-0810-F28A-FD01CD1AC033}.Release|Any CPU.Build.0 = Release|Any CPU
		{4720F92D-5508-487B-AB29-5CC7DA2636A3}.Debug|Any CPU.ActiveCfg = Debug|Any CPU
		{4720F92D-5508-487B-AB29-5CC7DA2636A3}.Debug|Any CPU.Build.0 = Debug|Any CPU
		{4720F92D-5508-487B-AB29-5CC7DA2636A3}.Release|Any CPU.ActiveCfg = Release|Any CPU
		{4720F92D-5508-487B-AB29-5CC7DA2636A3}.Release|Any CPU.Build.0 = Release|Any CPU
		{68C4F1DC-38DD-4A96-B260-F4DB6C827FA3}.Debug|Any CPU.ActiveCfg = Debug|Any CPU
		{68C4F1DC-38DD-4A96-B260-F4DB6C827FA3}.Debug|Any CPU.Build.0 = Debug|Any CPU
		{68C4F1DC-38DD-4A96-B260-F4DB6C827FA3}.Release|Any CPU.ActiveCfg = Release|Any CPU
		{68C4F1DC-38DD-4A96-B260-F4DB6C827FA3}.Release|Any CPU.Build.0 = Release|Any CPU
		{384C5208-AEB6-4E71-BB00-F482DA604B77}.Debug|Any CPU.ActiveCfg = Debug|Any CPU
		{384C5208-AEB6-4E71-BB00-F482DA604B77}.Debug|Any CPU.Build.0 = Debug|Any CPU
		{384C5208-AEB6-4E71-BB00-F482DA604B77}.Release|Any CPU.ActiveCfg = Release|Any CPU
		{384C5208-AEB6-4E71-BB00-F482DA604B77}.Release|Any CPU.Build.0 = Release|Any CPU
		{1BABC9CF-AF09-4FE8-B136-8977F30CDFE9}.Debug|Any CPU.ActiveCfg = Debug|Any CPU
		{1BABC9CF-AF09-4FE8-B136-8977F30CDFE9}.Debug|Any CPU.Build.0 = Debug|Any CPU
		{1BABC9CF-AF09-4FE8-B136-8977F30CDFE9}.Release|Any CPU.ActiveCfg = Release|Any CPU
		{1BABC9CF-AF09-4FE8-B136-8977F30CDFE9}.Release|Any CPU.Build.0 = Release|Any CPU
		{605F6DBE-9A48-4358-AED4-7288ED9A97FB}.Debug|Any CPU.ActiveCfg = Debug|Any CPU
		{605F6DBE-9A48-4358-AED4-7288ED9A97FB}.Debug|Any CPU.Build.0 = Debug|Any CPU
		{605F6DBE-9A48-4358-AED4-7288ED9A97FB}.Release|Any CPU.ActiveCfg = Release|Any CPU
		{605F6DBE-9A48-4358-AED4-7288ED9A97FB}.Release|Any CPU.Build.0 = Release|Any CPU
		{A6010358-F665-4126-A665-AE62505177D2}.Debug|Any CPU.ActiveCfg = Debug|Any CPU
		{A6010358-F665-4126-A665-AE62505177D2}.Debug|Any CPU.Build.0 = Debug|Any CPU
		{A6010358-F665-4126-A665-AE62505177D2}.Release|Any CPU.ActiveCfg = Release|Any CPU
		{A6010358-F665-4126-A665-AE62505177D2}.Release|Any CPU.Build.0 = Release|Any CPU
		{E6E6C217-AD0B-42F0-AA03-4571F90D995B}.Debug|Any CPU.ActiveCfg = Debug|Any CPU
		{E6E6C217-AD0B-42F0-AA03-4571F90D995B}.Debug|Any CPU.Build.0 = Debug|Any CPU
		{E6E6C217-AD0B-42F0-AA03-4571F90D995B}.Release|Any CPU.ActiveCfg = Release|Any CPU
		{E6E6C217-AD0B-42F0-AA03-4571F90D995B}.Release|Any CPU.Build.0 = Release|Any CPU
		{A60180C2-AA67-4010-97B5-E40A2144FA71}.Debug|Any CPU.ActiveCfg = Debug|Any CPU
		{A60180C2-AA67-4010-97B5-E40A2144FA71}.Debug|Any CPU.Build.0 = Debug|Any CPU
		{A60180C2-AA67-4010-97B5-E40A2144FA71}.Release|Any CPU.ActiveCfg = Release|Any CPU
		{A60180C2-AA67-4010-97B5-E40A2144FA71}.Release|Any CPU.Build.0 = Release|Any CPU
		{F9D170E8-81CF-4AD7-B26F-8B5B43E122CA}.Debug|Any CPU.ActiveCfg = Debug|Any CPU
		{F9D170E8-81CF-4AD7-B26F-8B5B43E122CA}.Debug|Any CPU.Build.0 = Debug|Any CPU
		{F9D170E8-81CF-4AD7-B26F-8B5B43E122CA}.Release|Any CPU.ActiveCfg = Release|Any CPU
		{F9D170E8-81CF-4AD7-B26F-8B5B43E122CA}.Release|Any CPU.Build.0 = Release|Any CPU
		{6B822BE8-9BF1-493C-A091-FE041E992F09}.Debug|Any CPU.ActiveCfg = Debug|Any CPU
		{6B822BE8-9BF1-493C-A091-FE041E992F09}.Debug|Any CPU.Build.0 = Debug|Any CPU
		{6B822BE8-9BF1-493C-A091-FE041E992F09}.Release|Any CPU.ActiveCfg = Release|Any CPU
		{6B822BE8-9BF1-493C-A091-FE041E992F09}.Release|Any CPU.Build.0 = Release|Any CPU
		{676C9DB3-6113-4F1B-8255-D0C3FD5047C8}.Debug|Any CPU.ActiveCfg = Debug|Any CPU
		{676C9DB3-6113-4F1B-8255-D0C3FD5047C8}.Debug|Any CPU.Build.0 = Debug|Any CPU
		{676C9DB3-6113-4F1B-8255-D0C3FD5047C8}.Release|Any CPU.ActiveCfg = Release|Any CPU
		{676C9DB3-6113-4F1B-8255-D0C3FD5047C8}.Release|Any CPU.Build.0 = Release|Any CPU
	EndGlobalSection
	GlobalSection(SolutionProperties) = preSolution
		HideSolutionNode = FALSE
	EndGlobalSection
	GlobalSection(NestedProjects) = preSolution
		{E8D52491-336C-4957-8855-75DDD46FBDEC} = {02EA681E-C7D8-13C7-8484-4AC65E1B71E8}
		{9FFEE449-08A2-495C-8E06-9D83429454FC} = {E8D52491-336C-4957-8855-75DDD46FBDEC}
		{30D0F6A2-CFC6-4E16-BD1A-FB851D0A228E} = {02EA681E-C7D8-13C7-8484-4AC65E1B71E8}
		{1950429E-CEE9-47E5-A841-539BC233B84C} = {30D0F6A2-CFC6-4E16-BD1A-FB851D0A228E}
		{CC2668D6-0F44-4432-B62F-63A2CA311176} = {02EA681E-C7D8-13C7-8484-4AC65E1B71E8}
		{80DCD72D-32E4-4C79-89AE-6F1F37356941} = {CC2668D6-0F44-4432-B62F-63A2CA311176}
		{04CDF129-B71C-4D9B-AFF5-7F74E6C4BB65} = {CC2668D6-0F44-4432-B62F-63A2CA311176}
		{6B55F6A1-8ED4-426E-B3FE-29CFC3BE57FB} = {80DCD72D-32E4-4C79-89AE-6F1F37356941}
		{FF867793-E821-4FD9-BE6F-DF226BB39F31} = {80DCD72D-32E4-4C79-89AE-6F1F37356941}
		{D20E93FA-29C1-455F-97D3-CDFFEA58EF09} = {04CDF129-B71C-4D9B-AFF5-7F74E6C4BB65}
		{EA14094F-FB55-5ABC-1402-B4229C4AD0B1} = {F45057A7-D8E9-4F45-90F5-13253FB6A7D9}
		{C139DC99-C184-4FAF-BF12-764F979051F1} = {CC2668D6-0F44-4432-B62F-63A2CA311176}
		{43E1506E-376C-0810-F28A-FD01CD1AC033} = {C139DC99-C184-4FAF-BF12-764F979051F1}
		{DF4D9659-032A-403B-8D57-9C8029036149} = {02EA681E-C7D8-13C7-8484-4AC65E1B71E8}
		{4720F92D-5508-487B-AB29-5CC7DA2636A3} = {DF4D9659-032A-403B-8D57-9C8029036149}
		{68C4F1DC-38DD-4A96-B260-F4DB6C827FA3} = {DF4D9659-032A-403B-8D57-9C8029036149}
		{384C5208-AEB6-4E71-BB00-F482DA604B77} = {DF4D9659-032A-403B-8D57-9C8029036149}
		{1BABC9CF-AF09-4FE8-B136-8977F30CDFE9} = {DF4D9659-032A-403B-8D57-9C8029036149}
		{28F77B7A-FD26-44F7-BD9B-240758B2116E} = {02EA681E-C7D8-13C7-8484-4AC65E1B71E8}
		{605F6DBE-9A48-4358-AED4-7288ED9A97FB} = {28F77B7A-FD26-44F7-BD9B-240758B2116E}
		{A6010358-F665-4126-A665-AE62505177D2} = {07135FBC-B4D4-4F94-BAF0-7FD0392BE8F4}
		{E6E6C217-AD0B-42F0-AA03-4571F90D995B} = {07135FBC-B4D4-4F94-BAF0-7FD0392BE8F4}
		{B445D6EE-BC7A-43AC-BEDA-273A96B5D470} = {02EA681E-C7D8-13C7-8484-4AC65E1B71E8}
		{A60180C2-AA67-4010-97B5-E40A2144FA71} = {B445D6EE-BC7A-43AC-BEDA-273A96B5D470}
		{F9D170E8-81CF-4AD7-B26F-8B5B43E122CA} = {91829F9B-4161-42B5-95A7-20AA976CEF4C}
		{86234D20-C783-4FFE-B31E-233CD2A35A0F} = {02EA681E-C7D8-13C7-8484-4AC65E1B71E8}
		{6B822BE8-9BF1-493C-A091-FE041E992F09} = {86234D20-C783-4FFE-B31E-233CD2A35A0F}
		{45350062-3890-446E-B97B-FB2CF9398D2A} = {02EA681E-C7D8-13C7-8484-4AC65E1B71E8}
		{676C9DB3-6113-4F1B-8255-D0C3FD5047C8} = {45350062-3890-446E-B97B-FB2CF9398D2A}
	EndGlobalSection
	GlobalSection(ExtensibilityGlobals) = postSolution
		SolutionGuid = {DEA782FD-1657-4848-B877-1502689E2A6F}
	EndGlobalSection
EndGlobal
